
Microsoft Visual Studio Solution File, Format Version 12.00
# Visual Studio Version 17
VisualStudioVersion = 17.0.31903.59
MinimumVisualStudioVersion = 10.0.40219.1
Project("{2150E333-8FDC-42A3-9474-1A3956D46DE8}") = "src", "src", "{827E0CD3-B72D-47B6-A68D-7590B98EB39B}"
EndProject
Project("{FAE04EC0-301F-11D3-BF4B-00C04F79EFBC}") = "StartTrekGS.Application", "src\StartTrekGS.Application\StartTrekGS.Application.csproj", "{715D3BE3-66D2-431C-82C3-9FCE55BA15F2}"
EndProject
Project("{FAE04EC0-301F-11D3-BF4B-00C04F79EFBC}") = "StartTrekGS.Domain", "src\StartTrekGS.Domain\StartTrekGS.Domain.csproj", "{05C61455-6857-432C-8EE3-298D2ADEF9CE}"
EndProject
Project("{FAE04EC0-301F-11D3-BF4B-00C04F79EFBC}") = "StartTrekGS.Infrastructure", "src\StartTrekGS.Infrastructure\StartTrekGS.Infrastructure.csproj", "{C522C748-F699-4E86-8E89-DA3BB36BA124}"
EndProject
Project("{FAE04EC0-301F-11D3-BF4B-00C04F79EFBC}") = "StartTrekGS", "StartTrekGS.csproj", "{10685E9F-299D-45BF-8662-4079581307A8}"
EndProject
Global
	GlobalSection(SolutionConfigurationPlatforms) = preSolution
		Debug|Any CPU = Debug|Any CPU
		Debug|x64 = Debug|x64
		Debug|x86 = Debug|x86
		Release|Any CPU = Release|Any CPU
		Release|x64 = Release|x64
		Release|x86 = Release|x86
	EndGlobalSection
	GlobalSection(ProjectConfigurationPlatforms) = postSolution
		{715D3BE3-66D2-431C-82C3-9FCE55BA15F2}.Debug|Any CPU.ActiveCfg = Debug|Any CPU
		{715D3BE3-66D2-431C-82C3-9FCE55BA15F2}.Debug|Any CPU.Build.0 = Debug|Any CPU
		{715D3BE3-66D2-431C-82C3-9FCE55BA15F2}.Debug|x64.ActiveCfg = Debug|Any CPU
		{715D3BE3-66D2-431C-82C3-9FCE55BA15F2}.Debug|x64.Build.0 = Debug|Any CPU
		{715D3BE3-66D2-431C-82C3-9FCE55BA15F2}.Debug|x86.ActiveCfg = Debug|Any CPU
		{715D3BE3-66D2-431C-82C3-9FCE55BA15F2}.Debug|x86.Build.0 = Debug|Any CPU
		{715D3BE3-66D2-431C-82C3-9FCE55BA15F2}.Release|Any CPU.ActiveCfg = Release|Any CPU
		{715D3BE3-66D2-431C-82C3-9FCE55BA15F2}.Release|Any CPU.Build.0 = Release|Any CPU
		{715D3BE3-66D2-431C-82C3-9FCE55BA15F2}.Release|x64.ActiveCfg = Release|Any CPU
		{715D3BE3-66D2-431C-82C3-9FCE55BA15F2}.Release|x64.Build.0 = Release|Any CPU
		{715D3BE3-66D2-431C-82C3-9FCE55BA15F2}.Release|x86.ActiveCfg = Release|Any CPU
		{715D3BE3-66D2-431C-82C3-9FCE55BA15F2}.Release|x86.Build.0 = Release|Any CPU
		{05C61455-6857-432C-8EE3-298D2ADEF9CE}.Debug|Any CPU.ActiveCfg = Debug|Any CPU
		{05C61455-6857-432C-8EE3-298D2ADEF9CE}.Debug|Any CPU.Build.0 = Debug|Any CPU
		{05C61455-6857-432C-8EE3-298D2ADEF9CE}.Debug|x64.ActiveCfg = Debug|Any CPU
		{05C61455-6857-432C-8EE3-298D2ADEF9CE}.Debug|x64.Build.0 = Debug|Any CPU
		{05C61455-6857-432C-8EE3-298D2ADEF9CE}.Debug|x86.ActiveCfg = Debug|Any CPU
		{05C61455-6857-432C-8EE3-298D2ADEF9CE}.Debug|x86.Build.0 = Debug|Any CPU
		{05C61455-6857-432C-8EE3-298D2ADEF9CE}.Release|Any CPU.ActiveCfg = Release|Any CPU
		{05C61455-6857-432C-8EE3-298D2ADEF9CE}.Release|Any CPU.Build.0 = Release|Any CPU
		{05C61455-6857-432C-8EE3-298D2ADEF9CE}.Release|x64.ActiveCfg = Release|Any CPU
		{05C61455-6857-432C-8EE3-298D2ADEF9CE}.Release|x64.Build.0 = Release|Any CPU
		{05C61455-6857-432C-8EE3-298D2ADEF9CE}.Release|x86.ActiveCfg = Release|Any CPU
		{05C61455-6857-432C-8EE3-298D2ADEF9CE}.Release|x86.Build.0 = Release|Any CPU
		{C522C748-F699-4E86-8E89-DA3BB36BA124}.Debug|Any CPU.ActiveCfg = Debug|Any CPU
		{C522C748-F699-4E86-8E89-DA3BB36BA124}.Debug|Any CPU.Build.0 = Debug|Any CPU
		{C522C748-F699-4E86-8E89-DA3BB36BA124}.Debug|x64.ActiveCfg = Debug|Any CPU
		{C522C748-F699-4E86-8E89-DA3BB36BA124}.Debug|x64.Build.0 = Debug|Any CPU
		{C522C748-F699-4E86-8E89-DA3BB36BA124}.Debug|x86.ActiveCfg = Debug|Any CPU
		{C522C748-F699-4E86-8E89-DA3BB36BA124}.Debug|x86.Build.0 = Debug|Any CPU
		{C522C748-F699-4E86-8E89-DA3BB36BA124}.Release|Any CPU.ActiveCfg = Release|Any CPU
		{C522C748-F699-4E86-8E89-DA3BB36BA124}.Release|Any CPU.Build.0 = Release|Any CPU
		{C522C748-F699-4E86-8E89-DA3BB36BA124}.Release|x64.ActiveCfg = Release|Any CPU
		{C522C748-F699-4E86-8E89-DA3BB36BA124}.Release|x64.Build.0 = Release|Any CPU
		{C522C748-F699-4E86-8E89-DA3BB36BA124}.Release|x86.ActiveCfg = Release|Any CPU
		{C522C748-F699-4E86-8E89-DA3BB36BA124}.Release|x86.Build.0 = Release|Any CPU
		{10685E9F-299D-45BF-8662-4079581307A8}.Debug|Any CPU.ActiveCfg = Debug|Any CPU
		{10685E9F-299D-45BF-8662-4079581307A8}.Debug|Any CPU.Build.0 = Debug|Any CPU
		{10685E9F-299D-45BF-8662-4079581307A8}.Debug|x64.ActiveCfg = Debug|Any CPU
		{10685E9F-299D-45BF-8662-4079581307A8}.Debug|x64.Build.0 = Debug|Any CPU
		{10685E9F-299D-45BF-8662-4079581307A8}.Debug|x86.ActiveCfg = Debug|Any CPU
		{10685E9F-299D-45BF-8662-4079581307A8}.Debug|x86.Build.0 = Debug|Any CPU
		{10685E9F-299D-45BF-8662-4079581307A8}.Release|Any CPU.ActiveCfg = Release|Any CPU
		{10685E9F-299D-45BF-8662-4079581307A8}.Release|Any CPU.Build.0 = Release|Any CPU
		{10685E9F-299D-45BF-8662-4079581307A8}.Release|x64.ActiveCfg = Release|Any CPU
		{10685E9F-299D-45BF-8662-4079581307A8}.Release|x64.Build.0 = Release|Any CPU
		{10685E9F-299D-45BF-8662-4079581307A8}.Release|x86.ActiveCfg = Release|Any CPU
		{10685E9F-299D-45BF-8662-4079581307A8}.Release|x86.Build.0 = Release|Any CPU
	EndGlobalSection
	GlobalSection(SolutionProperties) = preSolution
		HideSolutionNode = FALSE
	EndGlobalSection
	GlobalSection(NestedProjects) = preSolution
		{715D3BE3-66D2-431C-82C3-9FCE55BA15F2} = {827E0CD3-B72D-47B6-A68D-7590B98EB39B}
		{05C61455-6857-432C-8EE3-298D2ADEF9CE} = {827E0CD3-B72D-47B6-A68D-7590B98EB39B}
		{C522C748-F699-4E86-8E89-DA3BB36BA124} = {827E0CD3-B72D-47B6-A68D-7590B98EB39B}
	EndGlobalSection
EndGlobal
